
Microsoft Visual Studio Solution File, Format Version 12.00
# Visual Studio Version 17
VisualStudioVersion = 17.0.31903.59
MinimumVisualStudioVersion = 10.0.40219.1
Project("{2150E333-8FDC-42A3-9474-1A3956D46DE8}") = "src", "src", "{BBDC9F70-498C-45CB-8C4E-C72BDD3D9964}"
EndProject
Project("{2150E333-8FDC-42A3-9474-1A3956D46DE8}") = "Core", "Core", "{724146CB-513A-4173-819D-079724513514}"
EndProject
Project("{FAE04EC0-301F-11D3-BF4B-00C04F79EFBC}") = "TestFeatApp.Domain", "src\Core\TestFeatApp.Domain\TestFeatApp.Domain.csproj", "{4352850E-E9AE-4F23-B989-4668251418CE}"
EndProject
Project("{2150E333-8FDC-42A3-9474-1A3956D46DE8}") = "Application", "Application", "{F83E24F1-7647-4370-B494-574D0EA42CE9}"
EndProject
Project("{2150E333-8FDC-42A3-9474-1A3956D46DE8}") = "External", "External", "{D562B70A-9437-4597-8623-7E4F1AE82603}"
EndProject
Project("{2150E333-8FDC-42A3-9474-1A3956D46DE8}") = "Infrastructure", "Infrastructure", "{64FAC67D-5602-43F8-AA6D-4880D04F2846}"
EndProject
Project("{FAE04EC0-301F-11D3-BF4B-00C04F79EFBC}") = "TestFeatApp.App.FAppCommon", "src\Core\Application\TestFeatApp.App.FAppCommon\TestFeatApp.App.FAppCommon.csproj", "{51363909-4DE5-4218-ACCC-2D9A9C5A8C0B}"
EndProject
Project("{2150E333-8FDC-42A3-9474-1A3956D46DE8}") = "Common", "Common", "{5E3F0CB2-BA70-4F5B-8337-18852506B870}"
EndProject
Project("{FAE04EC0-301F-11D3-BF4B-00C04F79EFBC}") = "TestFeatApp.Infra.Notification", "src\External\Infrastructure\Common\TestFeatApp.Infra.Notification\TestFeatApp.Infra.Notification.csproj", "{605B9CA2-1DDE-47AA-9CD8-7659CCD679AE}"
EndProject
Project("{FAE04EC0-301F-11D3-BF4B-00C04F79EFBC}") = "TestFeatApp.Infra.BackgroundJob", "src\External\Infrastructure\Common\TestFeatApp.Infra.BackgroundJob\TestFeatApp.Infra.BackgroundJob.csproj", "{BA6F2FD6-EEB7-401A-B8D1-9590DF288357}"
EndProject
Project("{FAE04EC0-301F-11D3-BF4B-00C04F79EFBC}") = "TestFeatApp.Infra.Configuration", "src\External\Infrastructure\Common\TestFeatApp.Infra.Configuration\TestFeatApp.Infra.Configuration.csproj", "{446C7352-92C8-40A6-B896-58E6A6FF5414}"
EndProject
Project("{2150E333-8FDC-42A3-9474-1A3956D46DE8}") = "ModuleA", "ModuleA", "{8AFD4001-8C4A-4514-BD14-5C27D0E12D76}"
EndProject
Project("{FAE04EC0-301F-11D3-BF4B-00C04F79EFBC}") = "TestFeatApp.App.F1", "src\Core\Application\ModuleA\TestFeatApp.App.F1\TestFeatApp.App.F1.csproj", "{B7A49730-9B78-44AF-8C6B-A95493C20E08}"
EndProject
Project("{2150E333-8FDC-42A3-9474-1A3956D46DE8}") = "ModuleB", "ModuleB", "{1F9F0C6E-C2B1-4FFE-A382-D56F052CEDDE}"
EndProject
Project("{FAE04EC0-301F-11D3-BF4B-00C04F79EFBC}") = "TestFeatApp.App.F2", "src\Core\Application\ModuleB\TestFeatApp.App.F2\TestFeatApp.App.F2.csproj", "{E65BD840-0A6A-4799-9EA5-862F3B362A92}"
EndProject
Project("{FAE04EC0-301F-11D3-BF4B-00C04F79EFBC}") = "TestFeatApp.App.F3", "src\Core\Application\ModuleA\TestFeatApp.App.F3\TestFeatApp.App.F3.csproj", "{8107C355-6B35-488E-9594-7A352143FE50}"
EndProject
Project("{FAE04EC0-301F-11D3-BF4B-00C04F79EFBC}") = "TestFeatApp.App.F4", "src\Core\Application\ModuleA\TestFeatApp.App.F4\TestFeatApp.App.F4.csproj", "{08687396-CDEC-4CF9-BE21-BFD0AF469A61}"
EndProject
Project("{FAE04EC0-301F-11D3-BF4B-00C04F79EFBC}") = "TestFeatApp.App.F5", "src\Core\Application\ModuleB\TestFeatApp.App.F5\TestFeatApp.App.F5.csproj", "{3DCF75DE-742D-4B1A-B5C5-B8B4B05E0770}"
EndProject
Project("{FAE04EC0-301F-11D3-BF4B-00C04F79EFBC}") = "TestFeatApp.App.F7", "src\Core\Application\ModuleB\TestFeatApp.App.F7\TestFeatApp.App.F7.csproj", "{2EB09A71-A842-4FA2-8F52-DF982B7B6BC8}"
EndProject
Project("{FAE04EC0-301F-11D3-BF4B-00C04F79EFBC}") = "TestFeatApp.App.F6", "src\Core\Application\ModuleB\TestFeatApp.App.F6\TestFeatApp.App.F6.csproj", "{D9322AEB-8416-4566-A619-431875FBF325}"
EndProject
Project("{2150E333-8FDC-42A3-9474-1A3956D46DE8}") = "Modules", "Modules", "{D84E9CB6-823D-4639-AC07-6954AFE9E798}"
EndProject
Project("{2150E333-8FDC-42A3-9474-1A3956D46DE8}") = "ModuleA", "ModuleA", "{07BF055C-9178-40B5-BB2F-FE353A26AA99}"
EndProject
Project("{FAE04EC0-301F-11D3-BF4B-00C04F79EFBC}") = "TestFeatApp.Infra.F1", "src\External\Infrastructure\Modules\ModuleA\TestFeatApp.Infra.F1\TestFeatApp.Infra.F1.csproj", "{C5352FB1-F6D4-4D28-B221-393ED44AB09C}"
EndProject
Project("{FAE04EC0-301F-11D3-BF4B-00C04F79EFBC}") = "TestFeatApp.Infra.F3", "src\External\Infrastructure\Modules\ModuleA\TestFeatApp.Infra.F3\TestFeatApp.Infra.F3.csproj", "{A23BD813-99F8-4C3D-9F48-A1988D5DF3F7}"
EndProject
Project("{FAE04EC0-301F-11D3-BF4B-00C04F79EFBC}") = "TestFeatApp.Infra.F4", "src\External\Infrastructure\Modules\ModuleA\TestFeatApp.Infra.F4\TestFeatApp.Infra.F4.csproj", "{BCB669AC-FDC1-447D-86CE-69F1C0C01A8B}"
EndProject
Project("{2150E333-8FDC-42A3-9474-1A3956D46DE8}") = "ModuleB", "ModuleB", "{DBB6F4D5-6968-4EBD-87E9-F929FE4C4978}"
EndProject
Project("{FAE04EC0-301F-11D3-BF4B-00C04F79EFBC}") = "TestFeatApp.Infra.F2", "src\External\Infrastructure\Modules\ModuleB\TestFeatApp.Infra.F2\TestFeatApp.Infra.F2.csproj", "{FC4EF728-B90C-415B-BBE3-FE6F7F3EFF76}"
EndProject
Project("{FAE04EC0-301F-11D3-BF4B-00C04F79EFBC}") = "TestFeatApp.Infra.F5", "src\External\Infrastructure\Modules\ModuleB\TestFeatApp.Infra.F5\TestFeatApp.Infra.F5.csproj", "{E1F8EDC9-D091-4A1E-8B70-1819E1C3D23F}"
EndProject
Project("{FAE04EC0-301F-11D3-BF4B-00C04F79EFBC}") = "TestFeatApp.Infra.F6", "src\External\Infrastructure\Modules\ModuleB\TestFeatApp.Infra.F6\TestFeatApp.Infra.F6.csproj", "{4C34A0B9-024E-4F27-ABF1-A5CC9DDEA141}"
EndProject
Project("{FAE04EC0-301F-11D3-BF4B-00C04F79EFBC}") = "TestFeatApp.Infra.F7", "src\External\Infrastructure\Modules\ModuleB\TestFeatApp.Infra.F7\TestFeatApp.Infra.F7.csproj", "{EF256922-94B2-4871-8B02-AD0ABA367727}"
EndProject
Project("{2150E333-8FDC-42A3-9474-1A3956D46DE8}") = "Persistence", "Persistence", "{10193CE0-C886-4EAA-B934-BBC320C283FA}"
EndProject
Project("{FAE04EC0-301F-11D3-BF4B-00C04F79EFBC}") = "TestFeatApp.Persist.Cache.MsGarnet", "src\External\Infrastructure\Common\Persistence\TestFeatApp.Persist.Cache.MsGarnet\TestFeatApp.Persist.Cache.MsGarnet.csproj", "{C7603EBE-2290-4EEE-BEF0-6F92481EF78F}"
EndProject
Project("{FAE04EC0-301F-11D3-BF4B-00C04F79EFBC}") = "TestFeatApp.Persist.Rel.PostgreSQL", "src\External\Infrastructure\Common\Persistence\TestFeatApp.Persist.Rel.PostgreSQL\TestFeatApp.Persist.Rel.PostgreSQL.csproj", "{46EB58C2-A3D0-43F9-94F9-61F09A238EA2}"
EndProject
Project("{2150E333-8FDC-42A3-9474-1A3956D46DE8}") = "Presentation", "Presentation", "{AF42590C-4A3D-4A99-85EC-99FE5E0985B9}"
EndProject
Project("{FAE04EC0-301F-11D3-BF4B-00C04F79EFBC}") = "TestFeatApp.RestfulApi", "src\External\Presentation\TestFeatApp.RestfulApi\TestFeatApp.RestfulApi.csproj", "{B01FEF74-CB1E-436A-A489-EA4A3708D88A}"
EndProject
Project("{2150E333-8FDC-42A3-9474-1A3956D46DE8}") = "BuildingBlocks", "BuildingBlocks", "{DF9C5E01-5B87-48DA-B997-9FC24AE0BD8B}"
EndProject
Project("{FAE04EC0-301F-11D3-BF4B-00C04F79EFBC}") = "TestFeatApp.BuildingBlocks.AppDependencyRegister", "src\External\BuildingBlocks\TestFeatApp.BuildingBlocks.AppDependencyRegister\TestFeatApp.BuildingBlocks.AppDependencyRegister.csproj", "{538CAF5F-FB3C-4AFA-906B-2725519E4A7B}"
EndProject
Project("{FAE04EC0-301F-11D3-BF4B-00C04F79EFBC}") = "TestFeatApp.Infra.DependencyInjectionLib", "src\External\Infrastructure\Common\TestFeatApp.Infra.DependencyInjectionLib\TestFeatApp.Infra.DependencyInjectionLib.csproj", "{402CAA51-02F1-4734-928A-3CACB758A536}"
EndProject
Global
	GlobalSection(SolutionConfigurationPlatforms) = preSolution
		Debug|Any CPU = Debug|Any CPU
		Release|Any CPU = Release|Any CPU
	EndGlobalSection
	GlobalSection(SolutionProperties) = preSolution
		HideSolutionNode = FALSE
	EndGlobalSection
	GlobalSection(ProjectConfigurationPlatforms) = postSolution
		{4352850E-E9AE-4F23-B989-4668251418CE}.Debug|Any CPU.ActiveCfg = Debug|Any CPU
		{4352850E-E9AE-4F23-B989-4668251418CE}.Debug|Any CPU.Build.0 = Debug|Any CPU
		{4352850E-E9AE-4F23-B989-4668251418CE}.Release|Any CPU.ActiveCfg = Release|Any CPU
		{4352850E-E9AE-4F23-B989-4668251418CE}.Release|Any CPU.Build.0 = Release|Any CPU
		{51363909-4DE5-4218-ACCC-2D9A9C5A8C0B}.Debug|Any CPU.ActiveCfg = Debug|Any CPU
		{51363909-4DE5-4218-ACCC-2D9A9C5A8C0B}.Debug|Any CPU.Build.0 = Debug|Any CPU
		{51363909-4DE5-4218-ACCC-2D9A9C5A8C0B}.Release|Any CPU.ActiveCfg = Release|Any CPU
		{51363909-4DE5-4218-ACCC-2D9A9C5A8C0B}.Release|Any CPU.Build.0 = Release|Any CPU
		{605B9CA2-1DDE-47AA-9CD8-7659CCD679AE}.Debug|Any CPU.ActiveCfg = Debug|Any CPU
		{605B9CA2-1DDE-47AA-9CD8-7659CCD679AE}.Debug|Any CPU.Build.0 = Debug|Any CPU
		{605B9CA2-1DDE-47AA-9CD8-7659CCD679AE}.Release|Any CPU.ActiveCfg = Release|Any CPU
		{605B9CA2-1DDE-47AA-9CD8-7659CCD679AE}.Release|Any CPU.Build.0 = Release|Any CPU
		{BA6F2FD6-EEB7-401A-B8D1-9590DF288357}.Debug|Any CPU.ActiveCfg = Debug|Any CPU
		{BA6F2FD6-EEB7-401A-B8D1-9590DF288357}.Debug|Any CPU.Build.0 = Debug|Any CPU
		{BA6F2FD6-EEB7-401A-B8D1-9590DF288357}.Release|Any CPU.ActiveCfg = Release|Any CPU
		{BA6F2FD6-EEB7-401A-B8D1-9590DF288357}.Release|Any CPU.Build.0 = Release|Any CPU
		{446C7352-92C8-40A6-B896-58E6A6FF5414}.Debug|Any CPU.ActiveCfg = Debug|Any CPU
		{446C7352-92C8-40A6-B896-58E6A6FF5414}.Debug|Any CPU.Build.0 = Debug|Any CPU
		{446C7352-92C8-40A6-B896-58E6A6FF5414}.Release|Any CPU.ActiveCfg = Release|Any CPU
		{446C7352-92C8-40A6-B896-58E6A6FF5414}.Release|Any CPU.Build.0 = Release|Any CPU
		{B7A49730-9B78-44AF-8C6B-A95493C20E08}.Debug|Any CPU.ActiveCfg = Debug|Any CPU
		{B7A49730-9B78-44AF-8C6B-A95493C20E08}.Debug|Any CPU.Build.0 = Debug|Any CPU
		{B7A49730-9B78-44AF-8C6B-A95493C20E08}.Release|Any CPU.ActiveCfg = Release|Any CPU
		{B7A49730-9B78-44AF-8C6B-A95493C20E08}.Release|Any CPU.Build.0 = Release|Any CPU
		{E65BD840-0A6A-4799-9EA5-862F3B362A92}.Debug|Any CPU.ActiveCfg = Debug|Any CPU
		{E65BD840-0A6A-4799-9EA5-862F3B362A92}.Debug|Any CPU.Build.0 = Debug|Any CPU
		{E65BD840-0A6A-4799-9EA5-862F3B362A92}.Release|Any CPU.ActiveCfg = Release|Any CPU
		{E65BD840-0A6A-4799-9EA5-862F3B362A92}.Release|Any CPU.Build.0 = Release|Any CPU
		{8107C355-6B35-488E-9594-7A352143FE50}.Debug|Any CPU.ActiveCfg = Debug|Any CPU
		{8107C355-6B35-488E-9594-7A352143FE50}.Debug|Any CPU.Build.0 = Debug|Any CPU
		{8107C355-6B35-488E-9594-7A352143FE50}.Release|Any CPU.ActiveCfg = Release|Any CPU
		{8107C355-6B35-488E-9594-7A352143FE50}.Release|Any CPU.Build.0 = Release|Any CPU
		{08687396-CDEC-4CF9-BE21-BFD0AF469A61}.Debug|Any CPU.ActiveCfg = Debug|Any CPU
		{08687396-CDEC-4CF9-BE21-BFD0AF469A61}.Debug|Any CPU.Build.0 = Debug|Any CPU
		{08687396-CDEC-4CF9-BE21-BFD0AF469A61}.Release|Any CPU.ActiveCfg = Release|Any CPU
		{08687396-CDEC-4CF9-BE21-BFD0AF469A61}.Release|Any CPU.Build.0 = Release|Any CPU
		{3DCF75DE-742D-4B1A-B5C5-B8B4B05E0770}.Debug|Any CPU.ActiveCfg = Debug|Any CPU
		{3DCF75DE-742D-4B1A-B5C5-B8B4B05E0770}.Debug|Any CPU.Build.0 = Debug|Any CPU
		{3DCF75DE-742D-4B1A-B5C5-B8B4B05E0770}.Release|Any CPU.ActiveCfg = Release|Any CPU
		{3DCF75DE-742D-4B1A-B5C5-B8B4B05E0770}.Release|Any CPU.Build.0 = Release|Any CPU
		{2EB09A71-A842-4FA2-8F52-DF982B7B6BC8}.Debug|Any CPU.ActiveCfg = Debug|Any CPU
		{2EB09A71-A842-4FA2-8F52-DF982B7B6BC8}.Debug|Any CPU.Build.0 = Debug|Any CPU
		{2EB09A71-A842-4FA2-8F52-DF982B7B6BC8}.Release|Any CPU.ActiveCfg = Release|Any CPU
		{2EB09A71-A842-4FA2-8F52-DF982B7B6BC8}.Release|Any CPU.Build.0 = Release|Any CPU
		{D9322AEB-8416-4566-A619-431875FBF325}.Debug|Any CPU.ActiveCfg = Debug|Any CPU
		{D9322AEB-8416-4566-A619-431875FBF325}.Debug|Any CPU.Build.0 = Debug|Any CPU
		{D9322AEB-8416-4566-A619-431875FBF325}.Release|Any CPU.ActiveCfg = Release|Any CPU
		{D9322AEB-8416-4566-A619-431875FBF325}.Release|Any CPU.Build.0 = Release|Any CPU
		{C5352FB1-F6D4-4D28-B221-393ED44AB09C}.Debug|Any CPU.ActiveCfg = Debug|Any CPU
		{C5352FB1-F6D4-4D28-B221-393ED44AB09C}.Debug|Any CPU.Build.0 = Debug|Any CPU
		{C5352FB1-F6D4-4D28-B221-393ED44AB09C}.Release|Any CPU.ActiveCfg = Release|Any CPU
		{C5352FB1-F6D4-4D28-B221-393ED44AB09C}.Release|Any CPU.Build.0 = Release|Any CPU
		{A23BD813-99F8-4C3D-9F48-A1988D5DF3F7}.Debug|Any CPU.ActiveCfg = Debug|Any CPU
		{A23BD813-99F8-4C3D-9F48-A1988D5DF3F7}.Debug|Any CPU.Build.0 = Debug|Any CPU
		{A23BD813-99F8-4C3D-9F48-A1988D5DF3F7}.Release|Any CPU.ActiveCfg = Release|Any CPU
		{A23BD813-99F8-4C3D-9F48-A1988D5DF3F7}.Release|Any CPU.Build.0 = Release|Any CPU
		{BCB669AC-FDC1-447D-86CE-69F1C0C01A8B}.Debug|Any CPU.ActiveCfg = Debug|Any CPU
		{BCB669AC-FDC1-447D-86CE-69F1C0C01A8B}.Debug|Any CPU.Build.0 = Debug|Any CPU
		{BCB669AC-FDC1-447D-86CE-69F1C0C01A8B}.Release|Any CPU.ActiveCfg = Release|Any CPU
		{BCB669AC-FDC1-447D-86CE-69F1C0C01A8B}.Release|Any CPU.Build.0 = Release|Any CPU
		{FC4EF728-B90C-415B-BBE3-FE6F7F3EFF76}.Debug|Any CPU.ActiveCfg = Debug|Any CPU
		{FC4EF728-B90C-415B-BBE3-FE6F7F3EFF76}.Debug|Any CPU.Build.0 = Debug|Any CPU
		{FC4EF728-B90C-415B-BBE3-FE6F7F3EFF76}.Release|Any CPU.ActiveCfg = Release|Any CPU
		{FC4EF728-B90C-415B-BBE3-FE6F7F3EFF76}.Release|Any CPU.Build.0 = Release|Any CPU
		{E1F8EDC9-D091-4A1E-8B70-1819E1C3D23F}.Debug|Any CPU.ActiveCfg = Debug|Any CPU
		{E1F8EDC9-D091-4A1E-8B70-1819E1C3D23F}.Debug|Any CPU.Build.0 = Debug|Any CPU
		{E1F8EDC9-D091-4A1E-8B70-1819E1C3D23F}.Release|Any CPU.ActiveCfg = Release|Any CPU
		{E1F8EDC9-D091-4A1E-8B70-1819E1C3D23F}.Release|Any CPU.Build.0 = Release|Any CPU
		{4C34A0B9-024E-4F27-ABF1-A5CC9DDEA141}.Debug|Any CPU.ActiveCfg = Debug|Any CPU
		{4C34A0B9-024E-4F27-ABF1-A5CC9DDEA141}.Debug|Any CPU.Build.0 = Debug|Any CPU
		{4C34A0B9-024E-4F27-ABF1-A5CC9DDEA141}.Release|Any CPU.ActiveCfg = Release|Any CPU
		{4C34A0B9-024E-4F27-ABF1-A5CC9DDEA141}.Release|Any CPU.Build.0 = Release|Any CPU
		{EF256922-94B2-4871-8B02-AD0ABA367727}.Debug|Any CPU.ActiveCfg = Debug|Any CPU
		{EF256922-94B2-4871-8B02-AD0ABA367727}.Debug|Any CPU.Build.0 = Debug|Any CPU
		{EF256922-94B2-4871-8B02-AD0ABA367727}.Release|Any CPU.ActiveCfg = Release|Any CPU
		{EF256922-94B2-4871-8B02-AD0ABA367727}.Release|Any CPU.Build.0 = Release|Any CPU
		{C7603EBE-2290-4EEE-BEF0-6F92481EF78F}.Debug|Any CPU.ActiveCfg = Debug|Any CPU
		{C7603EBE-2290-4EEE-BEF0-6F92481EF78F}.Debug|Any CPU.Build.0 = Debug|Any CPU
		{C7603EBE-2290-4EEE-BEF0-6F92481EF78F}.Release|Any CPU.ActiveCfg = Release|Any CPU
		{C7603EBE-2290-4EEE-BEF0-6F92481EF78F}.Release|Any CPU.Build.0 = Release|Any CPU
		{46EB58C2-A3D0-43F9-94F9-61F09A238EA2}.Debug|Any CPU.ActiveCfg = Debug|Any CPU
		{46EB58C2-A3D0-43F9-94F9-61F09A238EA2}.Debug|Any CPU.Build.0 = Debug|Any CPU
		{46EB58C2-A3D0-43F9-94F9-61F09A238EA2}.Release|Any CPU.ActiveCfg = Release|Any CPU
		{46EB58C2-A3D0-43F9-94F9-61F09A238EA2}.Release|Any CPU.Build.0 = Release|Any CPU
		{B01FEF74-CB1E-436A-A489-EA4A3708D88A}.Debug|Any CPU.ActiveCfg = Debug|Any CPU
		{B01FEF74-CB1E-436A-A489-EA4A3708D88A}.Debug|Any CPU.Build.0 = Debug|Any CPU
		{B01FEF74-CB1E-436A-A489-EA4A3708D88A}.Release|Any CPU.ActiveCfg = Release|Any CPU
		{B01FEF74-CB1E-436A-A489-EA4A3708D88A}.Release|Any CPU.Build.0 = Release|Any CPU
		{538CAF5F-FB3C-4AFA-906B-2725519E4A7B}.Debug|Any CPU.ActiveCfg = Debug|Any CPU
		{538CAF5F-FB3C-4AFA-906B-2725519E4A7B}.Debug|Any CPU.Build.0 = Debug|Any CPU
		{538CAF5F-FB3C-4AFA-906B-2725519E4A7B}.Release|Any CPU.ActiveCfg = Release|Any CPU
		{538CAF5F-FB3C-4AFA-906B-2725519E4A7B}.Release|Any CPU.Build.0 = Release|Any CPU
		{402CAA51-02F1-4734-928A-3CACB758A536}.Debug|Any CPU.ActiveCfg = Debug|Any CPU
		{402CAA51-02F1-4734-928A-3CACB758A536}.Debug|Any CPU.Build.0 = Debug|Any CPU
		{402CAA51-02F1-4734-928A-3CACB758A536}.Release|Any CPU.ActiveCfg = Release|Any CPU
		{402CAA51-02F1-4734-928A-3CACB758A536}.Release|Any CPU.Build.0 = Release|Any CPU
	EndGlobalSection
	GlobalSection(NestedProjects) = preSolution
		{724146CB-513A-4173-819D-079724513514} = {BBDC9F70-498C-45CB-8C4E-C72BDD3D9964}
		{4352850E-E9AE-4F23-B989-4668251418CE} = {724146CB-513A-4173-819D-079724513514}
		{F83E24F1-7647-4370-B494-574D0EA42CE9} = {724146CB-513A-4173-819D-079724513514}
		{D562B70A-9437-4597-8623-7E4F1AE82603} = {BBDC9F70-498C-45CB-8C4E-C72BDD3D9964}
		{64FAC67D-5602-43F8-AA6D-4880D04F2846} = {D562B70A-9437-4597-8623-7E4F1AE82603}
		{51363909-4DE5-4218-ACCC-2D9A9C5A8C0B} = {F83E24F1-7647-4370-B494-574D0EA42CE9}
		{5E3F0CB2-BA70-4F5B-8337-18852506B870} = {64FAC67D-5602-43F8-AA6D-4880D04F2846}
		{605B9CA2-1DDE-47AA-9CD8-7659CCD679AE} = {5E3F0CB2-BA70-4F5B-8337-18852506B870}
		{BA6F2FD6-EEB7-401A-B8D1-9590DF288357} = {5E3F0CB2-BA70-4F5B-8337-18852506B870}
		{446C7352-92C8-40A6-B896-58E6A6FF5414} = {5E3F0CB2-BA70-4F5B-8337-18852506B870}
		{8AFD4001-8C4A-4514-BD14-5C27D0E12D76} = {F83E24F1-7647-4370-B494-574D0EA42CE9}
		{B7A49730-9B78-44AF-8C6B-A95493C20E08} = {8AFD4001-8C4A-4514-BD14-5C27D0E12D76}
		{1F9F0C6E-C2B1-4FFE-A382-D56F052CEDDE} = {F83E24F1-7647-4370-B494-574D0EA42CE9}
		{E65BD840-0A6A-4799-9EA5-862F3B362A92} = {1F9F0C6E-C2B1-4FFE-A382-D56F052CEDDE}
		{8107C355-6B35-488E-9594-7A352143FE50} = {8AFD4001-8C4A-4514-BD14-5C27D0E12D76}
		{08687396-CDEC-4CF9-BE21-BFD0AF469A61} = {8AFD4001-8C4A-4514-BD14-5C27D0E12D76}
		{3DCF75DE-742D-4B1A-B5C5-B8B4B05E0770} = {1F9F0C6E-C2B1-4FFE-A382-D56F052CEDDE}
		{2EB09A71-A842-4FA2-8F52-DF982B7B6BC8} = {1F9F0C6E-C2B1-4FFE-A382-D56F052CEDDE}
		{D9322AEB-8416-4566-A619-431875FBF325} = {1F9F0C6E-C2B1-4FFE-A382-D56F052CEDDE}
		{D84E9CB6-823D-4639-AC07-6954AFE9E798} = {64FAC67D-5602-43F8-AA6D-4880D04F2846}
		{07BF055C-9178-40B5-BB2F-FE353A26AA99} = {D84E9CB6-823D-4639-AC07-6954AFE9E798}
		{C5352FB1-F6D4-4D28-B221-393ED44AB09C} = {07BF055C-9178-40B5-BB2F-FE353A26AA99}
		{A23BD813-99F8-4C3D-9F48-A1988D5DF3F7} = {07BF055C-9178-40B5-BB2F-FE353A26AA99}
		{BCB669AC-FDC1-447D-86CE-69F1C0C01A8B} = {07BF055C-9178-40B5-BB2F-FE353A26AA99}
		{DBB6F4D5-6968-4EBD-87E9-F929FE4C4978} = {D84E9CB6-823D-4639-AC07-6954AFE9E798}
		{FC4EF728-B90C-415B-BBE3-FE6F7F3EFF76} = {DBB6F4D5-6968-4EBD-87E9-F929FE4C4978}
		{E1F8EDC9-D091-4A1E-8B70-1819E1C3D23F} = {DBB6F4D5-6968-4EBD-87E9-F929FE4C4978}
		{4C34A0B9-024E-4F27-ABF1-A5CC9DDEA141} = {DBB6F4D5-6968-4EBD-87E9-F929FE4C4978}
		{EF256922-94B2-4871-8B02-AD0ABA367727} = {DBB6F4D5-6968-4EBD-87E9-F929FE4C4978}
		{10193CE0-C886-4EAA-B934-BBC320C283FA} = {5E3F0CB2-BA70-4F5B-8337-18852506B870}
		{C7603EBE-2290-4EEE-BEF0-6F92481EF78F} = {10193CE0-C886-4EAA-B934-BBC320C283FA}
		{46EB58C2-A3D0-43F9-94F9-61F09A238EA2} = {10193CE0-C886-4EAA-B934-BBC320C283FA}
		{AF42590C-4A3D-4A99-85EC-99FE5E0985B9} = {D562B70A-9437-4597-8623-7E4F1AE82603}
		{B01FEF74-CB1E-436A-A489-EA4A3708D88A} = {AF42590C-4A3D-4A99-85EC-99FE5E0985B9}
		{DF9C5E01-5B87-48DA-B997-9FC24AE0BD8B} = {D562B70A-9437-4597-8623-7E4F1AE82603}
		{538CAF5F-FB3C-4AFA-906B-2725519E4A7B} = {DF9C5E01-5B87-48DA-B997-9FC24AE0BD8B}
		{402CAA51-02F1-4734-928A-3CACB758A536} = {5E3F0CB2-BA70-4F5B-8337-18852506B870}
	EndGlobalSection
EndGlobal
